
Microsoft Visual Studio Solution File, Format Version 12.00
# Visual Studio 15
VisualStudioVersion = 15.0.28307.329
MinimumVisualStudioVersion = 10.0.40219.1
Project("{FAE04EC0-301F-11D3-BF4B-00C04F79EFBC}") = "CTSPDF", "CTSPDF\CTSPDF.csproj", "{DB13BB11-93F3-4057-B978-ECAA9B32C52C}"
EndProject
Global
	GlobalSection(SolutionConfigurationPlatforms) = preSolution
		Debug|Any CPU = Debug|Any CPU
		Release|Any CPU = Release|Any CPU
	EndGlobalSection
	GlobalSection(ProjectConfigurationPlatforms) = postSolution
		{DB13BB11-93F3-4057-B978-ECAA9B32C52C}.Debug|Any CPU.ActiveCfg = Debug|Any CPU
		{DB13BB11-93F3-4057-B978-ECAA9B32C52C}.Debug|Any CPU.Build.0 = Debug|Any CPU
		{DB13BB11-93F3-4057-B978-ECAA9B32C52C}.Release|Any CPU.ActiveCfg = Release|Any CPU
		{DB13BB11-93F3-4057-B978-ECAA9B32C52C}.Release|Any CPU.Build.0 = Release|Any CPU
	EndGlobalSection
	GlobalSection(SolutionProperties) = preSolution
		HideSolutionNode = FALSE
	EndGlobalSection
	GlobalSection(ExtensibilityGlobals) = postSolution
		SolutionGuid = {F4281B27-6FBF-4A62-B159-056000D41C1A}
	EndGlobalSection
EndGlobal
